
Microsoft Visual Studio Solution File, Format Version 11.00
# Visual Studio 2010
Project("{FAE04EC0-301F-11D3-BF4B-00C04F79EFBC}") = "PFAssist.Core.iOS", "PFAssist.Core.iOS\PFAssist.Core.iOS.csproj", "{F910BCB8-E08C-4CB8-8DC9-5FA4629B43B7}"
EndProject
Project("{FAE04EC0-301F-11D3-BF4B-00C04F79EFBC}") = "PFAssist.Core.Tests.iOS", "PFAssist.Core.Tests.iOS\PFAssist.Core.Tests.iOS.csproj", "{591FC4B3-4EF2-497C-B091-F8805F8521B7}"
EndProject
Project("{FAE04EC0-301F-11D3-BF4B-00C04F79EFBC}") = "PFAssist.UI.iOS", "PFAssist.UI.iOS\PFAssist.UI.iOS.csproj", "{A2143C62-C612-4B34-8D8E-AD2761E1E47F}"
EndProject
Global
	GlobalSection(SolutionConfigurationPlatforms) = preSolution
		Debug|Any CPU = Debug|Any CPU
		Release|Any CPU = Release|Any CPU
		Debug|iPhoneSimulator = Debug|iPhoneSimulator
		Release|iPhoneSimulator = Release|iPhoneSimulator
		Debug|iPhone = Debug|iPhone
		Release|iPhone = Release|iPhone
		Ad-Hoc|iPhone = Ad-Hoc|iPhone
		AppStore|iPhone = AppStore|iPhone
	EndGlobalSection
	GlobalSection(ProjectConfigurationPlatforms) = postSolution
		{591FC4B3-4EF2-497C-B091-F8805F8521B7}.Ad-Hoc|iPhone.ActiveCfg = Ad-Hoc|iPhone
		{591FC4B3-4EF2-497C-B091-F8805F8521B7}.Ad-Hoc|iPhone.Build.0 = Ad-Hoc|iPhone
		{591FC4B3-4EF2-497C-B091-F8805F8521B7}.AppStore|iPhone.ActiveCfg = AppStore|iPhone
		{591FC4B3-4EF2-497C-B091-F8805F8521B7}.AppStore|iPhone.Build.0 = AppStore|iPhone
		{591FC4B3-4EF2-497C-B091-F8805F8521B7}.Debug|Any CPU.ActiveCfg = Debug|iPhoneSimulator
		{591FC4B3-4EF2-497C-B091-F8805F8521B7}.Debug|Any CPU.Build.0 = Debug|iPhoneSimulator
		{591FC4B3-4EF2-497C-B091-F8805F8521B7}.Debug|iPhone.ActiveCfg = Debug|iPhone
		{591FC4B3-4EF2-497C-B091-F8805F8521B7}.Debug|iPhone.Build.0 = Debug|iPhone
		{591FC4B3-4EF2-497C-B091-F8805F8521B7}.Debug|iPhoneSimulator.ActiveCfg = Debug|iPhoneSimulator
		{591FC4B3-4EF2-497C-B091-F8805F8521B7}.Debug|iPhoneSimulator.Build.0 = Debug|iPhoneSimulator
		{591FC4B3-4EF2-497C-B091-F8805F8521B7}.Release|Any CPU.ActiveCfg = Release|iPhoneSimulator
		{591FC4B3-4EF2-497C-B091-F8805F8521B7}.Release|Any CPU.Build.0 = Release|iPhoneSimulator
		{591FC4B3-4EF2-497C-B091-F8805F8521B7}.Release|iPhone.ActiveCfg = Release|iPhone
		{591FC4B3-4EF2-497C-B091-F8805F8521B7}.Release|iPhone.Build.0 = Release|iPhone
		{591FC4B3-4EF2-497C-B091-F8805F8521B7}.Release|iPhoneSimulator.ActiveCfg = Release|iPhoneSimulator
		{591FC4B3-4EF2-497C-B091-F8805F8521B7}.Release|iPhoneSimulator.Build.0 = Release|iPhoneSimulator
		{A2143C62-C612-4B34-8D8E-AD2761E1E47F}.Ad-Hoc|iPhone.ActiveCfg = Ad-Hoc|iPhone
		{A2143C62-C612-4B34-8D8E-AD2761E1E47F}.Ad-Hoc|iPhone.Build.0 = Ad-Hoc|iPhone
		{A2143C62-C612-4B34-8D8E-AD2761E1E47F}.AppStore|iPhone.ActiveCfg = AppStore|iPhone
		{A2143C62-C612-4B34-8D8E-AD2761E1E47F}.AppStore|iPhone.Build.0 = AppStore|iPhone
		{A2143C62-C612-4B34-8D8E-AD2761E1E47F}.Debug|Any CPU.ActiveCfg = Debug|iPhoneSimulator
		{A2143C62-C612-4B34-8D8E-AD2761E1E47F}.Debug|Any CPU.Build.0 = Debug|iPhoneSimulator
		{A2143C62-C612-4B34-8D8E-AD2761E1E47F}.Debug|iPhone.ActiveCfg = Debug|iPhone
		{A2143C62-C612-4B34-8D8E-AD2761E1E47F}.Debug|iPhone.Build.0 = Debug|iPhone
		{A2143C62-C612-4B34-8D8E-AD2761E1E47F}.Debug|iPhoneSimulator.ActiveCfg = Debug|iPhoneSimulator
		{A2143C62-C612-4B34-8D8E-AD2761E1E47F}.Debug|iPhoneSimulator.Build.0 = Debug|iPhoneSimulator
		{A2143C62-C612-4B34-8D8E-AD2761E1E47F}.Release|Any CPU.ActiveCfg = Release|iPhoneSimulator
		{A2143C62-C612-4B34-8D8E-AD2761E1E47F}.Release|Any CPU.Build.0 = Release|iPhoneSimulator
		{A2143C62-C612-4B34-8D8E-AD2761E1E47F}.Release|iPhone.ActiveCfg = Release|iPhone
		{A2143C62-C612-4B34-8D8E-AD2761E1E47F}.Release|iPhone.Build.0 = Release|iPhone
		{A2143C62-C612-4B34-8D8E-AD2761E1E47F}.Release|iPhoneSimulator.ActiveCfg = Release|iPhoneSimulator
		{A2143C62-C612-4B34-8D8E-AD2761E1E47F}.Release|iPhoneSimulator.Build.0 = Release|iPhoneSimulator
		{F910BCB8-E08C-4CB8-8DC9-5FA4629B43B7}.Ad-Hoc|iPhone.ActiveCfg = Debug|Any CPU
		{F910BCB8-E08C-4CB8-8DC9-5FA4629B43B7}.Ad-Hoc|iPhone.Build.0 = Debug|Any CPU
		{F910BCB8-E08C-4CB8-8DC9-5FA4629B43B7}.AppStore|iPhone.ActiveCfg = Debug|Any CPU
		{F910BCB8-E08C-4CB8-8DC9-5FA4629B43B7}.AppStore|iPhone.Build.0 = Debug|Any CPU
		{F910BCB8-E08C-4CB8-8DC9-5FA4629B43B7}.Debug|Any CPU.ActiveCfg = Debug|Any CPU
		{F910BCB8-E08C-4CB8-8DC9-5FA4629B43B7}.Debug|Any CPU.Build.0 = Debug|Any CPU
		{F910BCB8-E08C-4CB8-8DC9-5FA4629B43B7}.Debug|iPhone.ActiveCfg = Debug|Any CPU
		{F910BCB8-E08C-4CB8-8DC9-5FA4629B43B7}.Debug|iPhone.Build.0 = Debug|Any CPU
		{F910BCB8-E08C-4CB8-8DC9-5FA4629B43B7}.Debug|iPhoneSimulator.ActiveCfg = Debug|Any CPU
		{F910BCB8-E08C-4CB8-8DC9-5FA4629B43B7}.Debug|iPhoneSimulator.Build.0 = Debug|Any CPU
		{F910BCB8-E08C-4CB8-8DC9-5FA4629B43B7}.Release|Any CPU.ActiveCfg = Release|Any CPU
		{F910BCB8-E08C-4CB8-8DC9-5FA4629B43B7}.Release|Any CPU.Build.0 = Release|Any CPU
		{F910BCB8-E08C-4CB8-8DC9-5FA4629B43B7}.Release|iPhone.ActiveCfg = Release|Any CPU
		{F910BCB8-E08C-4CB8-8DC9-5FA4629B43B7}.Release|iPhone.Build.0 = Release|Any CPU
		{F910BCB8-E08C-4CB8-8DC9-5FA4629B43B7}.Release|iPhoneSimulator.ActiveCfg = Release|Any CPU
		{F910BCB8-E08C-4CB8-8DC9-5FA4629B43B7}.Release|iPhoneSimulator.Build.0 = Release|Any CPU
	EndGlobalSection
	GlobalSection(MonoDevelopProperties) = preSolution
		StartupItem = PFAssist.UI.iOS\PFAssist.UI.iOS.csproj
	EndGlobalSection
EndGlobal
